// !$*UTF8*$!
{
	archiveVersion = 1;
	classes = {
	};
	objectVersion = 46;
	objects = {

/* Begin PBXBuildFile section */
		04274CC61F7A3AF700C9D0FA /* AppDelegate.swift in Sources */ = {isa = PBXBuildFile; fileRef = 04274CC51F7A3AF700C9D0FA /* AppDelegate.swift */; };
		04274CC81F7A3AF700C9D0FA /* ViewController.swift in Sources */ = {isa = PBXBuildFile; fileRef = 04274CC71F7A3AF700C9D0FA /* ViewController.swift */; };
		04274CCB1F7A3AF700C9D0FA /* Main.storyboard in Resources */ = {isa = PBXBuildFile; fileRef = 04274CC91F7A3AF700C9D0FA /* Main.storyboard */; };
		04274CCD1F7A3AF700C9D0FA /* Assets.xcassets in Resources */ = {isa = PBXBuildFile; fileRef = 04274CCC1F7A3AF700C9D0FA /* Assets.xcassets */; };
		04274CD01F7A3AF700C9D0FA /* LaunchScreen.storyboard in Resources */ = {isa = PBXBuildFile; fileRef = 04274CCE1F7A3AF700C9D0FA /* LaunchScreen.storyboard */; };
/* End PBXBuildFile section */

/* Begin PBXFileReference section */
		04274CC21F7A3AF700C9D0FA /* lesson4.app */ = {isa = PBXFileReference; explicitFileType = wrapper.application; includeInIndex = 0; path = lesson4.app; sourceTree = BUILT_PRODUCTS_DIR; };
		04274CC51F7A3AF700C9D0FA /* AppDelegate.swift */ = {isa = PBXFileReference; lastKnownFileType = sourcecode.swift; path = AppDelegate.swift; sourceTree = "<group>"; };
		04274CC71F7A3AF700C9D0FA /* ViewController.swift */ = {isa = PBXFileReference; lastKnownFileType = sourcecode.swift; path = ViewController.swift; sourceTree = "<group>"; };
		04274CCA1F7A3AF700C9D0FA /* Base */ = {isa = PBXFileReference; lastKnownFileType = file.storyboard; name = Base; path = Base.lproj/Main.storyboard; sourceTree = "<group>"; };
		04274CCC1F7A3AF700C9D0FA /* Assets.xcassets */ = {isa = PBXFileReference; lastKnownFileType = folder.assetcatalog; path = Assets.xcassets; sourceTree = "<group>"; };
		04274CCF1F7A3AF700C9D0FA /* Base */ = {isa = PBXFileReference; lastKnownFileType = file.storyboard; name = Base; path = Base.lproj/LaunchScreen.storyboard; sourceTree = "<group>"; };
		04274CD11F7A3AF700C9D0FA /* Info.plist */ = {isa = PBXFileReference; lastKnownFileType = text.plist.xml; path = Info.plist; sourceTree = "<group>"; };
/* End PBXFileReference section */

/* Begin PBXFrameworksBuildPhase section */
		04274CBF1F7A3AF700C9D0FA /* Frameworks */ = {
			isa = PBXFrameworksBuildPhase;
			buildActionMask = 2147483647;
			files = (
			);
			runOnlyForDeploymentPostprocessing = 0;
		};
/* End PBXFrameworksBuildPhase section */

/* Begin PBXGroup section */
		04274CB91F7A3AF700C9D0FA = {
			isa = PBXGroup;
			children = (
				04274CC41F7A3AF700C9D0FA /* lesson4 */,
				04274CC31F7A3AF700C9D0FA /* Products */,
			);
			sourceTree = "<group>";
		};
		04274CC31F7A3AF700C9D0FA /* Products */ = {
			isa = PBXGroup;
			children = (
				04274CC21F7A3AF700C9D0FA /* lesson4.app */,
			);
			name = Products;
			sourceTree = "<group>";
		};
		04274CC41F7A3AF700C9D0FA /* lesson4 */ = {
			isa = PBXGroup;
			children = (
				04274CC51F7A3AF700C9D0FA /* AppDelegate.swift */,
				04274CC71F7A3AF700C9D0FA /* ViewController.swift */,
				04274CC91F7A3AF700C9D0FA /* Main.storyboard */,
				04274CCC1F7A3AF700C9D0FA /* Assets.xcassets */,
				04274CCE1F7A3AF700C9D0FA /* LaunchScreen.storyboard */,
				04274CD11F7A3AF700C9D0FA /* Info.plist */,
			);
			path = lesson4;
			sourceTree = "<group>";
		};
/* End PBXGroup section */

/* Begin PBXNativeTarget section */
		04274CC11F7A3AF700C9D0FA /* lesson4 */ = {
			isa = PBXNativeTarget;
			buildConfigurationList = 04274CD41F7A3AF700C9D0FA /* Build configuration list for PBXNativeTarget "lesson4" */;
			buildPhases = (
				04274CBE1F7A3AF700C9D0FA /* Sources */,
				04274CBF1F7A3AF700C9D0FA /* Frameworks */,
				04274CC01F7A3AF700C9D0FA /* Resources */,
			);
			buildRules = (
			);
			dependencies = (
			);
			name = lesson4;
			productName = lesson4;
			productReference = 04274CC21F7A3AF700C9D0FA /* lesson4.app */;
			productType = "com.apple.product-type.application";
		};
/* End PBXNativeTarget section */

/* Begin PBXProject section */
		04274CBA1F7A3AF700C9D0FA /* Project object */ = {
			isa = PBXProject;
			attributes = {
				LastSwiftUpdateCheck = 0830;
				LastUpgradeCheck = 0830;
				ORGANIZATIONNAME = LiYou;
				TargetAttributes = {
					04274CC11F7A3AF700C9D0FA = {
						CreatedOnToolsVersion = 8.3.3;
						DevelopmentTeam = E2MHYTRHEB;
						ProvisioningStyle = Automatic;
					};
				};
			};
			buildConfigurationList = 04274CBD1F7A3AF700C9D0FA /* Build configuration list for PBXProject "lesson4" */;
			compatibilityVersion = "Xcode 3.2";
			developmentRegion = English;
			hasScannedForEncodings = 0;
			knownRegions = (
				en,
				Base,
			);
			mainGroup = 04274CB91F7A3AF700C9D0FA;
			productRefGroup = 04274CC31F7A3AF700C9D0FA /* Products */;
			projectDirPath = "";
			projectRoot = "";
			targets = (
				04274CC11F7A3AF700C9D0FA /* lesson4 */,
			);
		};
/* End PBXProject section */

/* Begin PBXResourcesBuildPhase section */
		04274CC01F7A3AF700C9D0FA /* Resources */ = {
			isa = PBXResourcesBuildPhase;
			buildActionMask = 2147483647;
			files = (
				04274CD01F7A3AF700C9D0FA /* LaunchScreen.storyboard in Resources */,
				04274CCD1F7A3AF700C9D0FA /* Assets.xcassets in Resources */,
				04274CCB1F7A3AF700C9D0FA /* Main.storyboard in Resources */,
			);
			runOnlyForDeploymentPostprocessing = 0;
		};
/* End PBXResourcesBuildPhase section */

/* Begin PBXSourcesBuildPhase section */
		04274CBE1F7A3AF700C9D0FA /* Sources */ = {
			isa = PBXSourcesBuildPhase;
			buildActionMask = 2147483647;
			files = (
				04274CC81F7A3AF700C9D0FA /* ViewController.swift in Sources */,
				04274CC61F7A3AF700C9D0FA /* AppDelegate.swift in Sources */,
			);
			runOnlyForDeploymentPostprocessing = 0;
		};
/* End PBXSourcesBuildPhase section */

/* Begin PBXVariantGroup section */
		04274CC91F7A3AF700C9D0FA /* Main.storyboard */ = {
			isa = PBXVariantGroup;
			children = (
				04274CCA1F7A3AF700C9D0FA /* Base */,
			);
			name = Main.storyboard;
			sourceTree = "<group>";
		};
		04274CCE1F7A3AF700C9D0FA /* LaunchScreen.storyboard */ = {
			isa = PBXVariantGroup;
			children = (
				04274CCF1F7A3AF700C9D0FA /* Base */,
			);
			name = LaunchScreen.storyboard;
			sourceTree = "<group>";
		};
/* End PBXVariantGroup section */

/* Begin XCBuildConfiguration section */
		04274CD21F7A3AF700C9D0FA /* Debug */ = {
			isa = XCBuildConfiguration;
			buildSettings = {
				ALWAYS_SEARCH_USER_PATHS = NO;
				CLANG_ANALYZER_NONNULL = YES;
				CLANG_ANALYZER_NUMBER_OBJECT_CONVERSION = YES_AGGRESSIVE;
				CLANG_CXX_LANGUAGE_STANDARD = "gnu++0x";
				CLANG_CXX_LIBRARY = "libc++";
				CLANG_ENABLE_MODULES = YES;
				CLANG_ENABLE_OBJC_ARC = YES;
				CLANG_WARN_BOOL_CONVERSION = YES;
				CLANG_WARN_CONSTANT_CONVERSION = YES;
				CLANG_WARN_DIRECT_OBJC_ISA_USAGE = YES_ERROR;
				CLANG_WARN_DOCUMENTATION_COMMENTS = YES;
				CLANG_WARN_EMPTY_BODY = YES;
				CLANG_WARN_ENUM_CONVERSION = YES;
				CLANG_WARN_INFINITE_RECURSION = YES;
				CLANG_WARN_INT_CONVERSION = YES;
				CLANG_WARN_OBJC_ROOT_CLASS = YES_ERROR;
				CLANG_WARN_SUSPICIOUS_MOVE = YES;
				CLANG_WARN_UNREACHABLE_CODE = YES;
				CLANG_WARN__DUPLICATE_METHOD_MATCH = YES;
				"CODE_SIGN_IDENTITY[sdk=iphoneos*]" = "iPhone Developer";
				COPY_PHASE_STRIP = NO;
				DEBUG_INFORMATION_FORMAT = dwarf;
				ENABLE_STRICT_OBJC_MSGSEND = YES;
				ENABLE_TESTABILITY = YES;
				GCC_C_LANGUAGE_STANDARD = gnu99;
				GCC_DYNAMIC_NO_PIC = NO;
				GCC_NO_COMMON_BLOCKS = YES;
				GCC_OPTIMIZATION_LEVEL = 0;
				GCC_PREPROCESSOR_DEFINITIONS = (
					"DEBUG=1",
					"$(inherited)",
				);
				GCC_WARN_64_TO_32_BIT_CONVERSION = YES;
				GCC_WARN_ABOUT_RETURN_TYPE = YES_ERROR;
				GCC_WARN_UNDECLARED_SELECTOR = YES;
				GCC_WARN_UNINITIALIZED_AUTOS = YES_AGGRESSIVE;
				GCC_WARN_UNUSED_FUNCTION = YES;
				GCC_WARN_UNUSED_VARIABLE = YES;
				IPHONEOS_DEPLOYMENT_TARGET = 10.3;
				MTL_ENABLE_DEBUG_INFO = YES;
				ONLY_ACTIVE_ARCH = YES;
				SDKROOT = iphoneos;
				SWIFT_ACTIVE_COMPILATION_CONDITIONS = DEBUG;
				SWIFT_OPTIMIZATION_LEVEL = "-Onone";
			};
			name = Debug;
		};
		04274CD31F7A3AF700C9D0FA /* Release */ = {
			isa = XCBuildConfiguration;
			buildSettings = {
				ALWAYS_SEARCH_USER_PATHS = NO;
				CLANG_ANALYZER_NONNULL = YES;
				CLANG_ANALYZER_NUMBER_OBJECT_CONVERSION = YES_AGGRESSIVE;
				CLANG_CXX_LANGUAGE_STANDARD = "gnu++0x";
				CLANG_CXX_LIBRARY = "libc++";
				CLANG_ENABLE_MODULES = YES;
				CLANG_ENABLE_OBJC_ARC = YES;
				CLANG_WARN_BOOL_CONVERSION = YES;
				CLANG_WARN_CONSTANT_CONVERSION = YES;
				CLANG_WARN_DIRECT_OBJC_ISA_USAGE = YES_ERROR;
				CLANG_WARN_DOCUMENTATION_COMMENTS = YES;
				CLANG_WARN_EMPTY_BODY = YES;
				CLANG_WARN_ENUM_CONVERSION = YES;
				CLANG_WARN_INFINITE_RECURSION = YES;
				CLANG_WARN_INT_CONVERSION = YES;
				CLANG_WARN_OBJC_ROOT_CLASS = YES_ERROR;
				CLANG_WARN_SUSPICIOUS_MOVE = YES;
				CLANG_WARN_UNREACHABLE_CODE = YES;
				CLANG_WARN__DUPLICATE_METHOD_MATCH = YES;
				"CODE_SIGN_IDENTITY[sdk=iphoneos*]" = "iPhone Developer";
				COPY_PHASE_STRIP = NO;
				DEBUG_INFORMATION_FORMAT = "dwarf-with-dsym";
				ENABLE_NS_ASSERTIONS = NO;
				ENABLE_STRICT_OBJC_MSGSEND = YES;
				GCC_C_LANGUAGE_STANDARD = gnu99;
				GCC_NO_COMMON_BLOCKS = YES;
				GCC_WARN_64_TO_32_BIT_CONVERSION = YES;
				GCC_WARN_ABOUT_RETURN_TYPE = YES_ERROR;
				GCC_WARN_UNDECLARED_SELECTOR = YES;
				GCC_WARN_UNINITIALIZED_AUTOS = YES_AGGRESSIVE;
				GCC_WARN_UNUSED_FUNCTION = YES;
				GCC_WARN_UNUSED_VARIABLE = YES;
				IPHONEOS_DEPLOYMENT_TARGET = 10.3;
				MTL_ENABLE_DEBUG_INFO = NO;
				SDKROOT = iphoneos;
				SWIFT_OPTIMIZATION_LEVEL = "-Owholemodule";
				VALIDATE_PRODUCT = YES;
			};
			name = Release;
		};
		04274CD51F7A3AF700C9D0FA /* Debug */ = {
			isa = XCBuildConfiguration;
			buildSettings = {
				ASSETCATALOG_COMPILER_APPICON_NAME = AppIcon;
				DEVELOPMENT_TEAM = E2MHYTRHEB;
				INFOPLIST_FILE = lesson4/Info.plist;
				LD_RUNPATH_SEARCH_PATHS = "$(inherited) @executable_path/Frameworks";
				PRODUCT_BUNDLE_IDENTIFIER = com.LiYou.lesson4;
				PRODUCT_NAME = "$(TARGET_NAME)";
				SWIFT_VERSION = 3.0;
			};
			name = Debug;
		};
		04274CD61F7A3AF700C9D0FA /* Release */ = {
			isa = XCBuildConfiguration;
			buildSettings = {
				ASSETCATALOG_COMPILER_APPICON_NAME = AppIcon;
				DEVELOPMENT_TEAM = E2MHYTRHEB;
				INFOPLIST_FILE = lesson4/Info.plist;
				LD_RUNPATH_SEARCH_PATHS = "$(inherited) @executable_path/Frameworks";
				PRODUCT_BUNDLE_IDENTIFIER = com.LiYou.lesson4;
				PRODUCT_NAME = "$(TARGET_NAME)";
				SWIFT_VERSION = 3.0;
			};
			name = Release;
		};
/* End XCBuildConfiguration section */

/* Begin XCConfigurationList section */
		04274CBD1F7A3AF700C9D0FA /* Build configuration list for PBXProject "lesson4" */ = {
			isa = XCConfigurationList;
			buildConfigurations = (
				04274CD21F7A3AF700C9D0FA /* Debug */,
				04274CD31F7A3AF700C9D0FA /* Release */,
			);
			defaultConfigurationIsVisible = 0;
			defaultConfigurationName = Release;
		};
		04274CD41F7A3AF700C9D0FA /* Build configuration list for PBXNativeTarget "lesson4" */ = {
			isa = XCConfigurationList;
			buildConfigurations = (
				04274CD51F7A3AF700C9D0FA /* Debug */,
				04274CD61F7A3AF700C9D0FA /* Release */,
			);
			defaultConfigurationIsVisible = 0;
		};
/* End XCConfigurationList section */
	};
	rootObject = 04274CBA1F7A3AF700C9D0FA /* Project object */;
}
